// !$*UTF8*$!
{
	archiveVersion = 1;
	classes = {
	};
	objectVersion = 46;
	objects = {

/* Begin PBXBuildFile section */
		21D5070D1DCED3B30051C72D /* CalcModel.swift in Sources */ = {isa = PBXBuildFile; fileRef = 21D5070C1DCED3B30051C72D /* CalcModel.swift */; };
		21DEAE9A1DCE747B00C5555D /* AppDelegate.swift in Sources */ = {isa = PBXBuildFile; fileRef = 21DEAE991DCE747B00C5555D /* AppDelegate.swift */; };
		21DEAE9C1DCE747B00C5555D /* ViewController.swift in Sources */ = {isa = PBXBuildFile; fileRef = 21DEAE9B1DCE747B00C5555D /* ViewController.swift */; };
		21DEAE9F1DCE747B00C5555D /* Main.storyboard in Resources */ = {isa = PBXBuildFile; fileRef = 21DEAE9D1DCE747B00C5555D /* Main.storyboard */; };
		21DEAEA11DCE747B00C5555D /* Assets.xcassets in Resources */ = {isa = PBXBuildFile; fileRef = 21DEAEA01DCE747B00C5555D /* Assets.xcassets */; };
		21DEAEA41DCE747B00C5555D /* LaunchScreen.storyboard in Resources */ = {isa = PBXBuildFile; fileRef = 21DEAEA21DCE747B00C5555D /* LaunchScreen.storyboard */; };
/* End PBXBuildFile section */

/* Begin PBXFileReference section */
		21D5070C1DCED3B30051C72D /* CalcModel.swift */ = {isa = PBXFileReference; fileEncoding = 4; lastKnownFileType = sourcecode.swift; name = CalcModel.swift; path = ../CalcModel.swift; sourceTree = "<group>"; };
		21DEAE961DCE747B00C5555D /* Calculator.app */ = {isa = PBXFileReference; explicitFileType = wrapper.application; includeInIndex = 0; path = Calculator.app; sourceTree = BUILT_PRODUCTS_DIR; };
		21DEAE991DCE747B00C5555D /* AppDelegate.swift */ = {isa = PBXFileReference; lastKnownFileType = sourcecode.swift; path = AppDelegate.swift; sourceTree = "<group>"; };
		21DEAE9B1DCE747B00C5555D /* ViewController.swift */ = {isa = PBXFileReference; lastKnownFileType = sourcecode.swift; path = ViewController.swift; sourceTree = "<group>"; };
		21DEAE9E1DCE747B00C5555D /* Base */ = {isa = PBXFileReference; lastKnownFileType = file.storyboard; name = Base; path = Base.lproj/Main.storyboard; sourceTree = "<group>"; };
		21DEAEA01DCE747B00C5555D /* Assets.xcassets */ = {isa = PBXFileReference; lastKnownFileType = folder.assetcatalog; path = Assets.xcassets; sourceTree = "<group>"; };
		21DEAEA31DCE747B00C5555D /* Base */ = {isa = PBXFileReference; lastKnownFileType = file.storyboard; name = Base; path = Base.lproj/LaunchScreen.storyboard; sourceTree = "<group>"; };
		21DEAEA51DCE747B00C5555D /* Info.plist */ = {isa = PBXFileReference; lastKnownFileType = text.plist.xml; path = Info.plist; sourceTree = "<group>"; };
/* End PBXFileReference section */

/* Begin PBXFrameworksBuildPhase section */
		21DEAE931DCE747B00C5555D /* Frameworks */ = {
			isa = PBXFrameworksBuildPhase;
			buildActionMask = 2147483647;
			files = (
			);
			runOnlyForDeploymentPostprocessing = 0;
		};
/* End PBXFrameworksBuildPhase section */

/* Begin PBXGroup section */
		21DEAE8D1DCE747B00C5555D = {
			isa = PBXGroup;
			children = (
				21DEAE981DCE747B00C5555D /* Calculator */,
				21DEAE971DCE747B00C5555D /* Products */,
			);
			sourceTree = "<group>";
		};
		21DEAE971DCE747B00C5555D /* Products */ = {
			isa = PBXGroup;
			children = (
				21DEAE961DCE747B00C5555D /* Calculator.app */,
			);
			name = Products;
			sourceTree = "<group>";
		};
		21DEAE981DCE747B00C5555D /* Calculator */ = {
			isa = PBXGroup;
			children = (
				21D5070C1DCED3B30051C72D /* CalcModel.swift */,
				21DEAE9B1DCE747B00C5555D /* ViewController.swift */,
				21DEAE9D1DCE747B00C5555D /* Main.storyboard */,
				21DEAEAB1DCE78DC00C5555D /* Supporting files */,
			);
			path = Calculator;
			sourceTree = "<group>";
		};
		21DEAEAB1DCE78DC00C5555D /* Supporting files */ = {
			isa = PBXGroup;
			children = (
				21DEAE991DCE747B00C5555D /* AppDelegate.swift */,
				21DEAEA01DCE747B00C5555D /* Assets.xcassets */,
				21DEAEA21DCE747B00C5555D /* LaunchScreen.storyboard */,
				21DEAEA51DCE747B00C5555D /* Info.plist */,
			);
			name = "Supporting files";
			sourceTree = "<group>";
		};
/* End PBXGroup section */

/* Begin PBXNativeTarget section */
		21DEAE951DCE747B00C5555D /* Calculator */ = {
			isa = PBXNativeTarget;
			buildConfigurationList = 21DEAEA81DCE747B00C5555D /* Build configuration list for PBXNativeTarget "Calculator" */;
			buildPhases = (
				21DEAE921DCE747B00C5555D /* Sources */,
				21DEAE931DCE747B00C5555D /* Frameworks */,
				21DEAE941DCE747B00C5555D /* Resources */,
			);
			buildRules = (
			);
			dependencies = (
			);
			name = Calculator;
			productName = Calculator;
			productReference = 21DEAE961DCE747B00C5555D /* Calculator.app */;
			productType = "com.apple.product-type.application";
		};
/* End PBXNativeTarget section */

/* Begin PBXProject section */
		21DEAE8E1DCE747B00C5555D /* Project object */ = {
			isa = PBXProject;
			attributes = {
				LastSwiftUpdateCheck = 0810;
				LastUpgradeCheck = 0810;
				ORGANIZATIONNAME = "Sriharsha Makineni";
				TargetAttributes = {
					21DEAE951DCE747B00C5555D = {
						CreatedOnToolsVersion = 8.1;
						ProvisioningStyle = Manual;
					};
				};
			};
			buildConfigurationList = 21DEAE911DCE747B00C5555D /* Build configuration list for PBXProject "Calculator" */;
			compatibilityVersion = "Xcode 3.2";
			developmentRegion = English;
			hasScannedForEncodings = 0;
			knownRegions = (
				en,
				Base,
			);
			mainGroup = 21DEAE8D1DCE747B00C5555D;
			productRefGroup = 21DEAE971DCE747B00C5555D /* Products */;
			projectDirPath = "";
			projectRoot = "";
			targets = (
				21DEAE951DCE747B00C5555D /* Calculator */,
			);
		};
/* End PBXProject section */

/* Begin PBXResourcesBuildPhase section */
		21DEAE941DCE747B00C5555D /* Resources */ = {
			isa = PBXResourcesBuildPhase;
			buildActionMask = 2147483647;
			files = (
				21DEAEA41DCE747B00C5555D /* LaunchScreen.storyboard in Resources */,
				21DEAEA11DCE747B00C5555D /* Assets.xcassets in Resources */,
				21DEAE9F1DCE747B00C5555D /* Main.storyboard in Resources */,
			);
			runOnlyForDeploymentPostprocessing = 0;
		};
/* End PBXResourcesBuildPhase section */

/* Begin PBXSourcesBuildPhase section */
		21DEAE921DCE747B00C5555D /* Sources */ = {
			isa = PBXSourcesBuildPhase;
			buildActionMask = 2147483647;
			files = (
				21DEAE9C1DCE747B00C5555D /* ViewController.swift in Sources */,
				21DEAE9A1DCE747B00C5555D /* AppDelegate.swift in Sources */,
				21D5070D1DCED3B30051C72D /* CalcModel.swift in Sources */,
			);
			runOnlyForDeploymentPostprocessing = 0;
		};
/* End PBXSourcesBuildPhase section */

/* Begin PBXVariantGroup section */
		21DEAE9D1DCE747B00C5555D /* Main.storyboard */ = {
			isa = PBXVariantGroup;
			children = (
				21DEAE9E1DCE747B00C5555D /* Base */,
			);
			name = Main.storyboard;
			sourceTree = "<group>";
		};
		21DEAEA21DCE747B00C5555D /* LaunchScreen.storyboard */ = {
			isa = PBXVariantGroup;
			children = (
				21DEAEA31DCE747B00C5555D /* Base */,
			);
			name = LaunchScreen.storyboard;
			sourceTree = "<group>";
		};
/* End PBXVariantGroup section */

/* Begin XCBuildConfiguration section */
		21DEAEA61DCE747B00C5555D /* Debug */ = {
			isa = XCBuildConfiguration;
			buildSettings = {
				ALWAYS_SEARCH_USER_PATHS = NO;
				CLANG_ANALYZER_NONNULL = YES;
				CLANG_CXX_LANGUAGE_STANDARD = "gnu++0x";
				CLANG_CXX_LIBRARY = "libc++";
				CLANG_ENABLE_MODULES = YES;
				CLANG_ENABLE_OBJC_ARC = YES;
				CLANG_WARN_BOOL_CONVERSION = YES;
				CLANG_WARN_CONSTANT_CONVERSION = YES;
				CLANG_WARN_DIRECT_OBJC_ISA_USAGE = YES_ERROR;
				CLANG_WARN_DOCUMENTATION_COMMENTS = YES;
				CLANG_WARN_EMPTY_BODY = YES;
				CLANG_WARN_ENUM_CONVERSION = YES;
				CLANG_WARN_INFINITE_RECURSION = YES;
				CLANG_WARN_INT_CONVERSION = YES;
				CLANG_WARN_OBJC_ROOT_CLASS = YES_ERROR;
				CLANG_WARN_SUSPICIOUS_MOVES = YES;
				CLANG_WARN_UNREACHABLE_CODE = YES;
				CLANG_WARN__DUPLICATE_METHOD_MATCH = YES;
				"CODE_SIGN_IDENTITY[sdk=iphoneos*]" = "iPhone Developer";
				COPY_PHASE_STRIP = NO;
				DEBUG_INFORMATION_FORMAT = dwarf;
				ENABLE_STRICT_OBJC_MSGSEND = YES;
				ENABLE_TESTABILITY = YES;
				GCC_C_LANGUAGE_STANDARD = gnu99;
				GCC_DYNAMIC_NO_PIC = NO;
				GCC_NO_COMMON_BLOCKS = YES;
				GCC_OPTIMIZATION_LEVEL = 0;
				GCC_PREPROCESSOR_DEFINITIONS = (
					"DEBUG=1",
					"$(inherited)",
				);
				GCC_WARN_64_TO_32_BIT_CONVERSION = YES;
				GCC_WARN_ABOUT_RETURN_TYPE = YES_ERROR;
				GCC_WARN_UNDECLARED_SELECTOR = YES;
				GCC_WARN_UNINITIALIZED_AUTOS = YES_AGGRESSIVE;
				GCC_WARN_UNUSED_FUNCTION = YES;
				GCC_WARN_UNUSED_VARIABLE = YES;
				IPHONEOS_DEPLOYMENT_TARGET = 10.1;
				MTL_ENABLE_DEBUG_INFO = YES;
				ONLY_ACTIVE_ARCH = YES;
				SDKROOT = iphoneos;
				SWIFT_ACTIVE_COMPILATION_CONDITIONS = DEBUG;
				SWIFT_OPTIMIZATION_LEVEL = "-Onone";
				TARGETED_DEVICE_FAMILY = "1,2";
			};
			name = Debug;
		};
		21DEAEA71DCE747B00C5555D /* Release */ = {
			isa = XCBuildConfiguration;
			buildSettings = {
				ALWAYS_SEARCH_USER_PATHS = NO;
				CLANG_ANALYZER_NONNULL = YES;
				CLANG_CXX_LANGUAGE_STANDARD = "gnu++0x";
				CLANG_CXX_LIBRARY = "libc++";
				CLANG_ENABLE_MODULES = YES;
				CLANG_ENABLE_OBJC_ARC = YES;
				CLANG_WARN_BOOL_CONVERSION = YES;
				CLANG_WARN_CONSTANT_CONVERSION = YES;
				CLANG_WARN_DIRECT_OBJC_ISA_USAGE = YES_ERROR;
				CLANG_WARN_DOCUMENTATION_COMMENTS = YES;
				CLANG_WARN_EMPTY_BODY = YES;
				CLANG_WARN_ENUM_CONVERSION = YES;
				CLANG_WARN_INFINITE_RECURSION = YES;
				CLANG_WARN_INT_CONVERSION = YES;
				CLANG_WARN_OBJC_ROOT_CLASS = YES_ERROR;
				CLANG_WARN_SUSPICIOUS_MOVES = YES;
				CLANG_WARN_UNREACHABLE_CODE = YES;
				CLANG_WARN__DUPLICATE_METHOD_MATCH = YES;
				"CODE_SIGN_IDENTITY[sdk=iphoneos*]" = "iPhone Developer";
				COPY_PHASE_STRIP = NO;
				DEBUG_INFORMATION_FORMAT = "dwarf-with-dsym";
				ENABLE_NS_ASSERTIONS = NO;
				ENABLE_STRICT_OBJC_MSGSEND = YES;
				GCC_C_LANGUAGE_STANDARD = gnu99;
				GCC_NO_COMMON_BLOCKS = YES;
				GCC_WARN_64_TO_32_BIT_CONVERSION = YES;
				GCC_WARN_ABOUT_RETURN_TYPE = YES_ERROR;
				GCC_WARN_UNDECLARED_SELECTOR = YES;
				GCC_WARN_UNINITIALIZED_AUTOS = YES_AGGRESSIVE;
				GCC_WARN_UNUSED_FUNCTION = YES;
				GCC_WARN_UNUSED_VARIABLE = YES;
				IPHONEOS_DEPLOYMENT_TARGET = 10.1;
				MTL_ENABLE_DEBUG_INFO = NO;
				SDKROOT = iphoneos;
				SWIFT_OPTIMIZATION_LEVEL = "-Owholemodule";
				TARGETED_DEVICE_FAMILY = "1,2";
				VALIDATE_PRODUCT = YES;
			};
			name = Release;
		};
		21DEAEA91DCE747B00C5555D /* Debug */ = {
			isa = XCBuildConfiguration;
			buildSettings = {
				ASSETCATALOG_COMPILER_APPICON_NAME = AppIcon;
				"CODE_SIGN_IDENTITY[sdk=iphoneos*]" = "iPhone Developer";
				DEVELOPMENT_TEAM = "";
				INFOPLIST_FILE = Calculator/Info.plist;
				LD_RUNPATH_SEARCH_PATHS = "$(inherited) @executable_path/Frameworks";
				PRODUCT_BUNDLE_IDENTIFIER = sriharsha.Calculator;
				PRODUCT_NAME = "$(TARGET_NAME)";
				SWIFT_VERSION = 3.0;
			};
			name = Debug;
		};
		21DEAEAA1DCE747B00C5555D /* Release */ = {
			isa = XCBuildConfiguration;
			buildSettings = {
				ASSETCATALOG_COMPILER_APPICON_NAME = AppIcon;
				"CODE_SIGN_IDENTITY[sdk=iphoneos*]" = "iPhone Developer";
				DEVELOPMENT_TEAM = "";
				INFOPLIST_FILE = Calculator/Info.plist;
				LD_RUNPATH_SEARCH_PATHS = "$(inherited) @executable_path/Frameworks";
				PRODUCT_BUNDLE_IDENTIFIER = sriharsha.Calculator;
				PRODUCT_NAME = "$(TARGET_NAME)";
				SWIFT_VERSION = 3.0;
			};
			name = Release;
		};
/* End XCBuildConfiguration section */

/* Begin XCConfigurationList section */
		21DEAE911DCE747B00C5555D /* Build configuration list for PBXProject "Calculator" */ = {
			isa = XCConfigurationList;
			buildConfigurations = (
				21DEAEA61DCE747B00C5555D /* Debug */,
				21DEAEA71DCE747B00C5555D /* Release */,
			);
			defaultConfigurationIsVisible = 0;
			defaultConfigurationName = Release;
		};
		21DEAEA81DCE747B00C5555D /* Build configuration list for PBXNativeTarget "Calculator" */ = {
			isa = XCConfigurationList;
			buildConfigurations = (
				21DEAEA91DCE747B00C5555D /* Debug */,
				21DEAEAA1DCE747B00C5555D /* Release */,
			);
			defaultConfigurationIsVisible = 0;
			defaultConfigurationName = Release;
		};
/* End XCConfigurationList section */
	};
	rootObject = 21DEAE8E1DCE747B00C5555D /* Project object */;
}
